// !$*UTF8*$!
{
	archiveVersion = 1;
	classes = {
	};
	objectVersion = 46;
	objects = {

/* Begin PBXBuildFile section */
		2C54913C1AF02D290014D400 /* hw06 in Resources */ = {isa = PBXBuildFile; fileRef = 2C54913B1AF02D290014D400 /* hw06 */; };
		2C5491411AF031570014D400 /* final in Resources */ = {isa = PBXBuildFile; fileRef = 2C5491401AF031570014D400 /* final */; };
		2C5491471AF057D60014D400 /* level1.txt in Resources */ = {isa = PBXBuildFile; fileRef = 2C5491461AF057D60014D400 /* level1.txt */; };
		2C5491491AF059360014D400 /* tremor_sprite_sheet.png in Resources */ = {isa = PBXBuildFile; fileRef = 2C5491481AF059360014D400 /* tremor_sprite_sheet.png */; };
		2C54914B1AF0593C0014D400 /* level2.txt in Resources */ = {isa = PBXBuildFile; fileRef = 2C54914A1AF0593C0014D400 /* level2.txt */; };
		2C54914D1AF059420014D400 /* level3.txt in Resources */ = {isa = PBXBuildFile; fileRef = 2C54914C1AF059420014D400 /* level3.txt */; };
		2C54914F1AF05B830014D400 /* Entity.cpp in Sources */ = {isa = PBXBuildFile; fileRef = 2C54914E1AF05B830014D400 /* Entity.cpp */; };
		2C60902C1AC04F51000061AF /* hw05 in Resources */ = {isa = PBXBuildFile; fileRef = 2C60902B1AC04F51000061AF /* hw05 */; };
		2C75FCA31AD475E200D73AD9 /* main.cpp in Sources */ = {isa = PBXBuildFile; fileRef = 2CAB30971AC5859E00215747 /* main.cpp */; };
		2C7F8FD61AFD2E9D00EBE5F7 /* clean collision.cpp in Sources */ = {isa = PBXBuildFile; fileRef = 2C8373791AFA430F00AA324F /* clean collision.cpp */; };
		2C8802881AF929AF0080BC81 /* pixel_sprites_sheet.png in Resources */ = {isa = PBXBuildFile; fileRef = 2C8802871AF929AF0080BC81 /* pixel_sprites_sheet.png */; };
		2C88028A1AF95F270080BC81 /* level1_new.txt in Resources */ = {isa = PBXBuildFile; fileRef = 2C8802891AF95F270080BC81 /* level1_new.txt */; };
		2C88028C1AF95F350080BC81 /* level2_new.txt in Resources */ = {isa = PBXBuildFile; fileRef = 2C88028B1AF95F350080BC81 /* level2_new.txt */; };
		2C88028E1AF95F430080BC81 /* level3_new.txt in Resources */ = {isa = PBXBuildFile; fileRef = 2C88028D1AF95F430080BC81 /* level3_new.txt */; };
		2C8802901AF95F4E0080BC81 /* level4_new.txt in Resources */ = {isa = PBXBuildFile; fileRef = 2C88028F1AF95F4E0080BC81 /* level4_new.txt */; };
		2C8802921AF964330080BC81 /* saw.png in Resources */ = {isa = PBXBuildFile; fileRef = 2C8802911AF964330080BC81 /* saw.png */; };
		2CB1F0B71AF66F37006843A5 /* SDL2_mixer.framework in Frameworks */ = {isa = PBXBuildFile; fileRef = 2CB1F0B61AF66F37006843A5 /* SDL2_mixer.framework */; };
		2CC5D8521AF7C68C008C64D6 /* button0.png in Resources */ = {isa = PBXBuildFile; fileRef = 2CC5D8511AF7C68C008C64D6 /* button0.png */; };
		2CC5D8541AF7C7C7008C64D6 /* ice.png in Resources */ = {isa = PBXBuildFile; fileRef = 2CC5D8531AF7C7C7008C64D6 /* ice.png */; };
		2CC5D8561AF7E176008C64D6 /* log.png in Resources */ = {isa = PBXBuildFile; fileRef = 2CC5D8551AF7E176008C64D6 /* log.png */; };
		2CC63BBC1AF119BA001CBB9F /* SpriteSheet.cpp in Sources */ = {isa = PBXBuildFile; fileRef = 2CC63BBA1AF119BA001CBB9F /* SpriteSheet.cpp */; };
		2CC63BBE1AF1641C001CBB9F /* 8-bit.png in Resources */ = {isa = PBXBuildFile; fileRef = 2CC63BBD1AF1641C001CBB9F /* 8-bit.png */; };
		2CE628BA1AF3C66F00D31746 /* crate.png in Resources */ = {isa = PBXBuildFile; fileRef = 2CE628B91AF3C66F00D31746 /* crate.png */; };
		2CE628BE1AF3C70900D31746 /* waffle.png in Resources */ = {isa = PBXBuildFile; fileRef = 2CE628BD1AF3C70900D31746 /* waffle.png */; };
		6D5A86AE19AE5C710066C1FD /* Cocoa.framework in Frameworks */ = {isa = PBXBuildFile; fileRef = 6D5A86AD19AE5C710066C1FD /* Cocoa.framework */; };
		6D5A86B819AE5C710066C1FD /* InfoPlist.strings in Resources */ = {isa = PBXBuildFile; fileRef = 6D5A86B619AE5C710066C1FD /* InfoPlist.strings */; };
		6D5A86BE19AE5C710066C1FD /* Credits.rtf in Resources */ = {isa = PBXBuildFile; fileRef = 6D5A86BC19AE5C710066C1FD /* Credits.rtf */; };
		6D5A86C619AE5C710066C1FD /* Images.xcassets in Resources */ = {isa = PBXBuildFile; fileRef = 6D5A86C519AE5C710066C1FD /* Images.xcassets */; };
		6D5A86E319AE5CD10066C1FD /* SDL2.framework in Frameworks */ = {isa = PBXBuildFile; fileRef = 6D5A86E219AE5CD10066C1FD /* SDL2.framework */; };
		6D5AC2D019AE6280004CB1BF /* OpenGL.framework in Frameworks */ = {isa = PBXBuildFile; fileRef = 6D5AC2CF19AE6280004CB1BF /* OpenGL.framework */; };
		6D5AC2D219AE6A1E004CB1BF /* SDL2_image.framework in Frameworks */ = {isa = PBXBuildFile; fileRef = 6D5AC2D119AE6A1E004CB1BF /* SDL2_image.framework */; };
/* End PBXBuildFile section */

/* Begin PBXFileReference section */
		2C54913B1AF02D290014D400 /* hw06 */ = {isa = PBXFileReference; lastKnownFileType = folder; path = hw06; sourceTree = "<group>"; };
		2C5491401AF031570014D400 /* final */ = {isa = PBXFileReference; lastKnownFileType = folder; path = final; sourceTree = "<group>"; };
		2C5491421AF0316F0014D400 /* ClassDemoApp.cpp */ = {isa = PBXFileReference; fileEncoding = 4; lastKnownFileType = sourcecode.cpp.cpp; name = ClassDemoApp.cpp; path = final/ClassDemoApp.cpp; sourceTree = "<group>"; };
		2C5491431AF0316F0014D400 /* ClassDemoApp.h */ = {isa = PBXFileReference; fileEncoding = 4; lastKnownFileType = sourcecode.c.h; name = ClassDemoApp.h; path = final/ClassDemoApp.h; sourceTree = "<group>"; };
		2C5491441AF0316F0014D400 /* Entity.h */ = {isa = PBXFileReference; fileEncoding = 4; lastKnownFileType = sourcecode.c.h; name = Entity.h; path = final/Entity.h; sourceTree = "<group>"; };
		2C5491461AF057D60014D400 /* level1.txt */ = {isa = PBXFileReference; fileEncoding = 4; lastKnownFileType = text; name = level1.txt; path = final/final_sprites/level1.txt; sourceTree = "<group>"; };
		2C5491481AF059360014D400 /* tremor_sprite_sheet.png */ = {isa = PBXFileReference; lastKnownFileType = image.png; name = tremor_sprite_sheet.png; path = final/final_sprites/tremor_sprite_sheet.png; sourceTree = "<group>"; };
		2C54914A1AF0593C0014D400 /* level2.txt */ = {isa = PBXFileReference; fileEncoding = 4; lastKnownFileType = text; name = level2.txt; path = final/final_sprites/level2.txt; sourceTree = "<group>"; };
		2C54914C1AF059420014D400 /* level3.txt */ = {isa = PBXFileReference; fileEncoding = 4; lastKnownFileType = text; name = level3.txt; path = final/final_sprites/level3.txt; sourceTree = "<group>"; };
		2C54914E1AF05B830014D400 /* Entity.cpp */ = {isa = PBXFileReference; fileEncoding = 4; lastKnownFileType = sourcecode.cpp.cpp; name = Entity.cpp; path = final/Entity.cpp; sourceTree = "<group>"; };
		2C60902B1AC04F51000061AF /* hw05 */ = {isa = PBXFileReference; lastKnownFileType = folder; path = hw05; sourceTree = "<group>"; };
		2C7F8FD31AFD2E1D00EBE5F7 /* PerlinNoise.cpp */ = {isa = PBXFileReference; fileEncoding = 4; lastKnownFileType = sourcecode.cpp.cpp; path = PerlinNoise.cpp; sourceTree = "<group>"; };
		2C7F8FD41AFD2E1D00EBE5F7 /* PerlinNoise.h */ = {isa = PBXFileReference; fileEncoding = 4; lastKnownFileType = sourcecode.c.h; path = PerlinNoise.h; sourceTree = "<group>"; };
		2C8373791AFA430F00AA324F /* clean collision.cpp */ = {isa = PBXFileReference; fileEncoding = 4; lastKnownFileType = sourcecode.cpp.cpp; name = "clean collision.cpp"; path = "final/clean collision.cpp"; sourceTree = "<group>"; };
		2C8802871AF929AF0080BC81 /* pixel_sprites_sheet.png */ = {isa = PBXFileReference; lastKnownFileType = image.png; name = pixel_sprites_sheet.png; path = final/final_sprites/pixel_sprites_sheet.png; sourceTree = "<group>"; };
		2C8802891AF95F270080BC81 /* level1_new.txt */ = {isa = PBXFileReference; fileEncoding = 4; lastKnownFileType = text; name = level1_new.txt; path = final/final_sprites/level1_new.txt; sourceTree = "<group>"; };
		2C88028B1AF95F350080BC81 /* level2_new.txt */ = {isa = PBXFileReference; fileEncoding = 4; lastKnownFileType = text; name = level2_new.txt; path = final/final_sprites/level2_new.txt; sourceTree = "<group>"; };
		2C88028D1AF95F430080BC81 /* level3_new.txt */ = {isa = PBXFileReference; fileEncoding = 4; lastKnownFileType = text; name = level3_new.txt; path = final/final_sprites/level3_new.txt; sourceTree = "<group>"; };
		2C88028F1AF95F4E0080BC81 /* level4_new.txt */ = {isa = PBXFileReference; fileEncoding = 4; lastKnownFileType = text; name = level4_new.txt; path = final/final_sprites/level4_new.txt; sourceTree = "<group>"; };
		2C8802911AF964330080BC81 /* saw.png */ = {isa = PBXFileReference; lastKnownFileType = image.png; name = saw.png; path = final/final_sprites/saw.png; sourceTree = "<group>"; };
		2CA484C91AA5FB64001557ED /* pong */ = {isa = PBXFileReference; lastKnownFileType = folder; path = pong; sourceTree = "<group>"; };
		2CA484CD1AA5FBEB001557ED /* space */ = {isa = PBXFileReference; lastKnownFileType = folder; path = space; sourceTree = "<group>"; };
		2CA484CF1AA5FBFE001557ED /* hw01 */ = {isa = PBXFileReference; lastKnownFileType = folder; path = hw01; sourceTree = "<group>"; };
		2CA484D51AA65541001557ED /* hw04 */ = {isa = PBXFileReference; lastKnownFileType = folder; path = hw04; sourceTree = "<group>"; };
		2CAB30971AC5859E00215747 /* main.cpp */ = {isa = PBXFileReference; fileEncoding = 4; lastKnownFileType = sourcecode.cpp.cpp; path = main.cpp; sourceTree = "<group>"; };
		2CB1F0B61AF66F37006843A5 /* SDL2_mixer.framework */ = {isa = PBXFileReference; lastKnownFileType = wrapper.framework; path = SDL2_mixer.framework; sourceTree = "<group>"; };
		2CC5D8511AF7C68C008C64D6 /* button0.png */ = {isa = PBXFileReference; lastKnownFileType = image.png; name = button0.png; path = final/final_sprites/button0.png; sourceTree = "<group>"; };
		2CC5D8531AF7C7C7008C64D6 /* ice.png */ = {isa = PBXFileReference; lastKnownFileType = image.png; name = ice.png; path = final/final_sprites/ice.png; sourceTree = "<group>"; };
		2CC5D8551AF7E176008C64D6 /* log.png */ = {isa = PBXFileReference; lastKnownFileType = image.png; name = log.png; path = final/final_sprites/log.png; sourceTree = "<group>"; };
		2CC63BBA1AF119BA001CBB9F /* SpriteSheet.cpp */ = {isa = PBXFileReference; fileEncoding = 4; lastKnownFileType = sourcecode.cpp.cpp; name = SpriteSheet.cpp; path = final/SpriteSheet.cpp; sourceTree = "<group>"; };
		2CC63BBB1AF119BA001CBB9F /* SpriteSheet.h */ = {isa = PBXFileReference; fileEncoding = 4; lastKnownFileType = sourcecode.c.h; name = SpriteSheet.h; path = final/SpriteSheet.h; sourceTree = "<group>"; };
		2CC63BBD1AF1641C001CBB9F /* 8-bit.png */ = {isa = PBXFileReference; lastKnownFileType = image.png; name = "8-bit.png"; path = "final/final_sprites/8-bit.png"; sourceTree = "<group>"; };
		2CE628B91AF3C66F00D31746 /* crate.png */ = {isa = PBXFileReference; lastKnownFileType = image.png; name = crate.png; path = final/final_sprites/crate.png; sourceTree = "<group>"; };
		2CE628BD1AF3C70900D31746 /* waffle.png */ = {isa = PBXFileReference; lastKnownFileType = image.png; name = waffle.png; path = final/final_sprites/waffle.png; sourceTree = "<group>"; };
		6D5A86AA19AE5C710066C1FD /* NYUCodebase.app */ = {isa = PBXFileReference; explicitFileType = wrapper.application; includeInIndex = 0; path = NYUCodebase.app; sourceTree = BUILT_PRODUCTS_DIR; };
		6D5A86AD19AE5C710066C1FD /* Cocoa.framework */ = {isa = PBXFileReference; lastKnownFileType = wrapper.framework; name = Cocoa.framework; path = System/Library/Frameworks/Cocoa.framework; sourceTree = SDKROOT; };
		6D5A86B019AE5C710066C1FD /* AppKit.framework */ = {isa = PBXFileReference; lastKnownFileType = wrapper.framework; name = AppKit.framework; path = System/Library/Frameworks/AppKit.framework; sourceTree = SDKROOT; };
		6D5A86B119AE5C710066C1FD /* CoreData.framework */ = {isa = PBXFileReference; lastKnownFileType = wrapper.framework; name = CoreData.framework; path = System/Library/Frameworks/CoreData.framework; sourceTree = SDKROOT; };
		6D5A86B219AE5C710066C1FD /* Foundation.framework */ = {isa = PBXFileReference; lastKnownFileType = wrapper.framework; name = Foundation.framework; path = System/Library/Frameworks/Foundation.framework; sourceTree = SDKROOT; };
		6D5A86B519AE5C710066C1FD /* NYUCodebase-Info.plist */ = {isa = PBXFileReference; lastKnownFileType = text.plist.xml; path = "NYUCodebase-Info.plist"; sourceTree = "<group>"; };
		6D5A86B719AE5C710066C1FD /* en */ = {isa = PBXFileReference; lastKnownFileType = text.plist.strings; name = en; path = en.lproj/InfoPlist.strings; sourceTree = "<group>"; };
		6D5A86BD19AE5C710066C1FD /* en */ = {isa = PBXFileReference; lastKnownFileType = text.rtf; name = en; path = en.lproj/Credits.rtf; sourceTree = "<group>"; };
		6D5A86C519AE5C710066C1FD /* Images.xcassets */ = {isa = PBXFileReference; lastKnownFileType = folder.assetcatalog; path = Images.xcassets; sourceTree = "<group>"; };
		6D5A86CC19AE5C710066C1FD /* XCTest.framework */ = {isa = PBXFileReference; lastKnownFileType = wrapper.framework; name = XCTest.framework; path = Library/Frameworks/XCTest.framework; sourceTree = DEVELOPER_DIR; };
		6D5A86D319AE5C710066C1FD /* NYUCodebaseTests-Info.plist */ = {isa = PBXFileReference; lastKnownFileType = text.plist.xml; path = "NYUCodebaseTests-Info.plist"; sourceTree = "<group>"; };
		6D5A86D519AE5C710066C1FD /* en */ = {isa = PBXFileReference; lastKnownFileType = text.plist.strings; name = en; path = en.lproj/InfoPlist.strings; sourceTree = "<group>"; };
		6D5A86D719AE5C710066C1FD /* NYUCodebaseTests.m */ = {isa = PBXFileReference; lastKnownFileType = sourcecode.c.objc; path = NYUCodebaseTests.m; sourceTree = "<group>"; };
		6D5A86E219AE5CD10066C1FD /* SDL2.framework */ = {isa = PBXFileReference; lastKnownFileType = wrapper.framework; name = SDL2.framework; path = ../../../../../../../../Library/Frameworks/SDL2.framework; sourceTree = "<group>"; };
		6D5AC2CF19AE6280004CB1BF /* OpenGL.framework */ = {isa = PBXFileReference; lastKnownFileType = wrapper.framework; name = OpenGL.framework; path = System/Library/Frameworks/OpenGL.framework; sourceTree = SDKROOT; };
		6D5AC2D119AE6A1E004CB1BF /* SDL2_image.framework */ = {isa = PBXFileReference; lastKnownFileType = wrapper.framework; name = SDL2_image.framework; path = ../../../../../../../../Library/Frameworks/SDL2_image.framework; sourceTree = "<group>"; };
/* End PBXFileReference section */

/* Begin PBXFrameworksBuildPhase section */
		6D5A86A719AE5C710066C1FD /* Frameworks */ = {
			isa = PBXFrameworksBuildPhase;
			buildActionMask = 2147483647;
			files = (
				6D5AC2D019AE6280004CB1BF /* OpenGL.framework in Frameworks */,
				2CB1F0B71AF66F37006843A5 /* SDL2_mixer.framework in Frameworks */,
				6D5A86AE19AE5C710066C1FD /* Cocoa.framework in Frameworks */,
				6D5A86E319AE5CD10066C1FD /* SDL2.framework in Frameworks */,
				6D5AC2D219AE6A1E004CB1BF /* SDL2_image.framework in Frameworks */,
			);
			runOnlyForDeploymentPostprocessing = 0;
		};
/* End PBXFrameworksBuildPhase section */

/* Begin PBXGroup section */
		6D5A86A119AE5C710066C1FD = {
			isa = PBXGroup;
			children = (
				6D5A86B319AE5C710066C1FD /* NYUCodebase */,
				6D5A86D119AE5C710066C1FD /* NYUCodebaseTests */,
				6D5A86AC19AE5C710066C1FD /* Frameworks */,
				6D5A86AB19AE5C710066C1FD /* Products */,
			);
			sourceTree = "<group>";
		};
		6D5A86AB19AE5C710066C1FD /* Products */ = {
			isa = PBXGroup;
			children = (
				6D5A86AA19AE5C710066C1FD /* NYUCodebase.app */,
			);
			name = Products;
			sourceTree = "<group>";
		};
		6D5A86AC19AE5C710066C1FD /* Frameworks */ = {
			isa = PBXGroup;
			children = (
				2CB1F0B61AF66F37006843A5 /* SDL2_mixer.framework */,
				6D5AC2D119AE6A1E004CB1BF /* SDL2_image.framework */,
				6D5AC2CF19AE6280004CB1BF /* OpenGL.framework */,
				6D5A86E219AE5CD10066C1FD /* SDL2.framework */,
				6D5A86AD19AE5C710066C1FD /* Cocoa.framework */,
				6D5A86CC19AE5C710066C1FD /* XCTest.framework */,
				6D5A86AF19AE5C710066C1FD /* Other Frameworks */,
			);
			name = Frameworks;
			sourceTree = "<group>";
		};
		6D5A86AF19AE5C710066C1FD /* Other Frameworks */ = {
			isa = PBXGroup;
			children = (
				6D5A86B019AE5C710066C1FD /* AppKit.framework */,
				6D5A86B119AE5C710066C1FD /* CoreData.framework */,
				6D5A86B219AE5C710066C1FD /* Foundation.framework */,
			);
			name = "Other Frameworks";
			sourceTree = "<group>";
		};
		6D5A86B319AE5C710066C1FD /* NYUCodebase */ = {
			isa = PBXGroup;
			children = (
				6D5A86E119AE5CAA0066C1FD /* Code */,
				6D5A86B419AE5C710066C1FD /* Supporting Files */,
			);
			path = NYUCodebase;
			sourceTree = "<group>";
		};
		6D5A86B419AE5C710066C1FD /* Supporting Files */ = {
			isa = PBXGroup;
			children = (
				2CC63BBD1AF1641C001CBB9F /* 8-bit.png */,
				2CE628B91AF3C66F00D31746 /* crate.png */,
				2CE628BD1AF3C70900D31746 /* waffle.png */,
				2CC5D8511AF7C68C008C64D6 /* button0.png */,
				2CC5D8531AF7C7C7008C64D6 /* ice.png */,
				2CC5D8551AF7E176008C64D6 /* log.png */,
				2C8802911AF964330080BC81 /* saw.png */,
				2C5491481AF059360014D400 /* tremor_sprite_sheet.png */,
				2C8802871AF929AF0080BC81 /* pixel_sprites_sheet.png */,
				2C5491461AF057D60014D400 /* level1.txt */,
				2C8802891AF95F270080BC81 /* level1_new.txt */,
				2C54914A1AF0593C0014D400 /* level2.txt */,
				2C88028B1AF95F350080BC81 /* level2_new.txt */,
				2C54914C1AF059420014D400 /* level3.txt */,
				2C88028D1AF95F430080BC81 /* level3_new.txt */,
				2C88028F1AF95F4E0080BC81 /* level4_new.txt */,
				6D5A86C519AE5C710066C1FD /* Images.xcassets */,
				6D5A86B519AE5C710066C1FD /* NYUCodebase-Info.plist */,
				6D5A86B619AE5C710066C1FD /* InfoPlist.strings */,
				6D5A86BC19AE5C710066C1FD /* Credits.rtf */,
			);
			name = "Supporting Files";
			sourceTree = "<group>";
		};
		6D5A86D119AE5C710066C1FD /* NYUCodebaseTests */ = {
			isa = PBXGroup;
			children = (
				6D5A86D719AE5C710066C1FD /* NYUCodebaseTests.m */,
				6D5A86D219AE5C710066C1FD /* Supporting Files */,
			);
			path = NYUCodebaseTests;
			sourceTree = "<group>";
		};
		6D5A86D219AE5C710066C1FD /* Supporting Files */ = {
			isa = PBXGroup;
			children = (
				6D5A86D319AE5C710066C1FD /* NYUCodebaseTests-Info.plist */,
				6D5A86D419AE5C710066C1FD /* InfoPlist.strings */,
			);
			name = "Supporting Files";
			sourceTree = "<group>";
		};
		6D5A86E119AE5CAA0066C1FD /* Code */ = {
			isa = PBXGroup;
			children = (
				2CAB30971AC5859E00215747 /* main.cpp */,
				2C5491421AF0316F0014D400 /* ClassDemoApp.cpp */,
				2C8373791AFA430F00AA324F /* clean collision.cpp */,
				2C5491431AF0316F0014D400 /* ClassDemoApp.h */,
				2C54914E1AF05B830014D400 /* Entity.cpp */,
				2C5491441AF0316F0014D400 /* Entity.h */,
				2CC63BBA1AF119BA001CBB9F /* SpriteSheet.cpp */,
				2CC63BBB1AF119BA001CBB9F /* SpriteSheet.h */,
				2C7F8FD31AFD2E1D00EBE5F7 /* PerlinNoise.cpp */,
				2C7F8FD41AFD2E1D00EBE5F7 /* PerlinNoise.h */,
				2C5491401AF031570014D400 /* final */,
				2C54913B1AF02D290014D400 /* hw06 */,
				2C60902B1AC04F51000061AF /* hw05 */,
				2CA484D51AA65541001557ED /* hw04 */,
				2CA484CF1AA5FBFE001557ED /* hw01 */,
				2CA484CD1AA5FBEB001557ED /* space */,
				2CA484C91AA5FB64001557ED /* pong */,
			);
			name = Code;
			sourceTree = "<group>";
		};
/* End PBXGroup section */

/* Begin PBXNativeTarget section */
		6D5A86A919AE5C710066C1FD /* NYUCodebase */ = {
			isa = PBXNativeTarget;
			buildConfigurationList = 6D5A86DB19AE5C710066C1FD /* Build configuration list for PBXNativeTarget "NYUCodebase" */;
			buildPhases = (
				6D5A86A619AE5C710066C1FD /* Sources */,
				6D5A86A719AE5C710066C1FD /* Frameworks */,
				6D5A86A819AE5C710066C1FD /* Resources */,
			);
			buildRules = (
			);
			dependencies = (
			);
			name = NYUCodebase;
			productName = NYUCodebase;
			productReference = 6D5A86AA19AE5C710066C1FD /* NYUCodebase.app */;
			productType = "com.apple.product-type.application";
		};
/* End PBXNativeTarget section */

/* Begin PBXProject section */
		6D5A86A219AE5C710066C1FD /* Project object */ = {
			isa = PBXProject;
			attributes = {
				CLASSPREFIX = NYUCB;
				LastUpgradeCheck = 0510;
				ORGANIZATIONNAME = "Ivan Safrin";
			};
			buildConfigurationList = 6D5A86A519AE5C710066C1FD /* Build configuration list for PBXProject "NYUCodebase" */;
			compatibilityVersion = "Xcode 3.2";
			developmentRegion = English;
			hasScannedForEncodings = 0;
			knownRegions = (
				en,
				Base,
			);
			mainGroup = 6D5A86A119AE5C710066C1FD;
			productRefGroup = 6D5A86AB19AE5C710066C1FD /* Products */;
			projectDirPath = "";
			projectRoot = "";
			targets = (
				6D5A86A919AE5C710066C1FD /* NYUCodebase */,
			);
		};
/* End PBXProject section */

/* Begin PBXResourcesBuildPhase section */
		6D5A86A819AE5C710066C1FD /* Resources */ = {
			isa = PBXResourcesBuildPhase;
			buildActionMask = 2147483647;
			files = (
				2C88028A1AF95F270080BC81 /* level1_new.txt in Resources */,
				2C88028C1AF95F350080BC81 /* level2_new.txt in Resources */,
				2CC5D8521AF7C68C008C64D6 /* button0.png in Resources */,
				2CE628BE1AF3C70900D31746 /* waffle.png in Resources */,
				2C88028E1AF95F430080BC81 /* level3_new.txt in Resources */,
				6D5A86B819AE5C710066C1FD /* InfoPlist.strings in Resources */,
				2C8802881AF929AF0080BC81 /* pixel_sprites_sheet.png in Resources */,
				2C5491491AF059360014D400 /* tremor_sprite_sheet.png in Resources */,
				2C54913C1AF02D290014D400 /* hw06 in Resources */,
				2CE628BA1AF3C66F00D31746 /* crate.png in Resources */,
				6D5A86C619AE5C710066C1FD /* Images.xcassets in Resources */,
				2C5491471AF057D60014D400 /* level1.txt in Resources */,
				2C54914D1AF059420014D400 /* level3.txt in Resources */,
				2C8802921AF964330080BC81 /* saw.png in Resources */,
				6D5A86BE19AE5C710066C1FD /* Credits.rtf in Resources */,
				2C60902C1AC04F51000061AF /* hw05 in Resources */,
				2CC63BBE1AF1641C001CBB9F /* 8-bit.png in Resources */,
				2C8802901AF95F4E0080BC81 /* level4_new.txt in Resources */,
				2CC5D8561AF7E176008C64D6 /* log.png in Resources */,
				2CC5D8541AF7C7C7008C64D6 /* ice.png in Resources */,
				2C5491411AF031570014D400 /* final in Resources */,
				2C54914B1AF0593C0014D400 /* level2.txt in Resources */,
			);
			runOnlyForDeploymentPostprocessing = 0;
		};
/* End PBXResourcesBuildPhase section */

/* Begin PBXSourcesBuildPhase section */
		6D5A86A619AE5C710066C1FD /* Sources */ = {
			isa = PBXSourcesBuildPhase;
			buildActionMask = 2147483647;
			files = (
				2CC63BBC1AF119BA001CBB9F /* SpriteSheet.cpp in Sources */,
				2C75FCA31AD475E200D73AD9 /* main.cpp in Sources */,
				2C54914F1AF05B830014D400 /* Entity.cpp in Sources */,
				2C7F8FD61AFD2E9D00EBE5F7 /* clean collision.cpp in Sources */,
			);
			runOnlyForDeploymentPostprocessing = 0;
		};
/* End PBXSourcesBuildPhase section */

/* Begin PBXVariantGroup section */
		6D5A86B619AE5C710066C1FD /* InfoPlist.strings */ = {
			isa = PBXVariantGroup;
			children = (
				6D5A86B719AE5C710066C1FD /* en */,
			);
			name = InfoPlist.strings;
			sourceTree = "<group>";
		};
		6D5A86BC19AE5C710066C1FD /* Credits.rtf */ = {
			isa = PBXVariantGroup;
			children = (
				6D5A86BD19AE5C710066C1FD /* en */,
			);
			name = Credits.rtf;
			sourceTree = "<group>";
		};
		6D5A86D419AE5C710066C1FD /* InfoPlist.strings */ = {
			isa = PBXVariantGroup;
			children = (
				6D5A86D519AE5C710066C1FD /* en */,
			);
			name = InfoPlist.strings;
			sourceTree = "<group>";
		};
/* End PBXVariantGroup section */

/* Begin XCBuildConfiguration section */
		6D5A86D919AE5C710066C1FD /* Debug */ = {
			isa = XCBuildConfiguration;
			buildSettings = {
				ALWAYS_SEARCH_USER_PATHS = NO;
				CLANG_CXX_LANGUAGE_STANDARD = "gnu++0x";
				CLANG_CXX_LIBRARY = "libc++";
				CLANG_ENABLE_MODULES = YES;
				CLANG_ENABLE_OBJC_ARC = YES;
				CLANG_WARN_BOOL_CONVERSION = YES;
				CLANG_WARN_CONSTANT_CONVERSION = YES;
				CLANG_WARN_DIRECT_OBJC_ISA_USAGE = YES_ERROR;
				CLANG_WARN_EMPTY_BODY = YES;
				CLANG_WARN_ENUM_CONVERSION = YES;
				CLANG_WARN_INT_CONVERSION = YES;
				CLANG_WARN_OBJC_ROOT_CLASS = YES_ERROR;
				CLANG_WARN__DUPLICATE_METHOD_MATCH = YES;
				COPY_PHASE_STRIP = NO;
				GCC_C_LANGUAGE_STANDARD = gnu99;
				GCC_DYNAMIC_NO_PIC = NO;
				GCC_ENABLE_OBJC_EXCEPTIONS = YES;
				GCC_OPTIMIZATION_LEVEL = 0;
				GCC_PREPROCESSOR_DEFINITIONS = (
					"DEBUG=1",
					"$(inherited)",
				);
				GCC_SYMBOLS_PRIVATE_EXTERN = NO;
				GCC_WARN_64_TO_32_BIT_CONVERSION = YES;
				GCC_WARN_ABOUT_RETURN_TYPE = YES_ERROR;
				GCC_WARN_UNDECLARED_SELECTOR = YES;
				GCC_WARN_UNINITIALIZED_AUTOS = YES_AGGRESSIVE;
				GCC_WARN_UNUSED_FUNCTION = YES;
				GCC_WARN_UNUSED_VARIABLE = YES;
				MACOSX_DEPLOYMENT_TARGET = 10.9;
				ONLY_ACTIVE_ARCH = YES;
				SDKROOT = macosx;
			};
			name = Debug;
		};
		6D5A86DA19AE5C710066C1FD /* Release */ = {
			isa = XCBuildConfiguration;
			buildSettings = {
				ALWAYS_SEARCH_USER_PATHS = NO;
				CLANG_CXX_LANGUAGE_STANDARD = "gnu++0x";
				CLANG_CXX_LIBRARY = "libc++";
				CLANG_ENABLE_MODULES = YES;
				CLANG_ENABLE_OBJC_ARC = YES;
				CLANG_WARN_BOOL_CONVERSION = YES;
				CLANG_WARN_CONSTANT_CONVERSION = YES;
				CLANG_WARN_DIRECT_OBJC_ISA_USAGE = YES_ERROR;
				CLANG_WARN_EMPTY_BODY = YES;
				CLANG_WARN_ENUM_CONVERSION = YES;
				CLANG_WARN_INT_CONVERSION = YES;
				CLANG_WARN_OBJC_ROOT_CLASS = YES_ERROR;
				CLANG_WARN__DUPLICATE_METHOD_MATCH = YES;
				COPY_PHASE_STRIP = YES;
				DEBUG_INFORMATION_FORMAT = "dwarf-with-dsym";
				ENABLE_NS_ASSERTIONS = NO;
				GCC_C_LANGUAGE_STANDARD = gnu99;
				GCC_ENABLE_OBJC_EXCEPTIONS = YES;
				GCC_WARN_64_TO_32_BIT_CONVERSION = YES;
				GCC_WARN_ABOUT_RETURN_TYPE = YES_ERROR;
				GCC_WARN_UNDECLARED_SELECTOR = YES;
				GCC_WARN_UNINITIALIZED_AUTOS = YES_AGGRESSIVE;
				GCC_WARN_UNUSED_FUNCTION = YES;
				GCC_WARN_UNUSED_VARIABLE = YES;
				MACOSX_DEPLOYMENT_TARGET = 10.9;
				SDKROOT = macosx;
			};
			name = Release;
		};
		6D5A86DC19AE5C710066C1FD /* Debug */ = {
			isa = XCBuildConfiguration;
			buildSettings = {
				ASSETCATALOG_COMPILER_APPICON_NAME = AppIcon;
				COMBINE_HIDPI_IMAGES = YES;
				FRAMEWORK_SEARCH_PATHS = (
					"$(inherited)",
					"$(LOCAL_LIBRARY_DIR)/Frameworks",
					"$(PROJECT_DIR)",
				);
				GCC_PRECOMPILE_PREFIX_HEADER = YES;
				GCC_PREFIX_HEADER = "";
				HEADER_SEARCH_PATHS = (
					"$(inherited)",
					/Applications/Xcode.app/Contents/Developer/Toolchains/XcodeDefault.xctoolchain/usr/include,
					/Library/Frameworks/SDL2_image.framework/Versions/A/Headers,
					/Library/Frameworks/SDL2.framework/Versions/A/Headers,
				);
				INFOPLIST_FILE = "NYUCodebase/NYUCodebase-Info.plist";
				PRODUCT_NAME = "$(TARGET_NAME)";
				WRAPPER_EXTENSION = app;
			};
			name = Debug;
		};
		6D5A86DD19AE5C710066C1FD /* Release */ = {
			isa = XCBuildConfiguration;
			buildSettings = {
				ASSETCATALOG_COMPILER_APPICON_NAME = AppIcon;
				COMBINE_HIDPI_IMAGES = YES;
				FRAMEWORK_SEARCH_PATHS = (
					"$(inherited)",
					"$(LOCAL_LIBRARY_DIR)/Frameworks",
					"$(PROJECT_DIR)",
				);
				GCC_PRECOMPILE_PREFIX_HEADER = YES;
				GCC_PREFIX_HEADER = "";
				HEADER_SEARCH_PATHS = (
					"$(inherited)",
					/Applications/Xcode.app/Contents/Developer/Toolchains/XcodeDefault.xctoolchain/usr/include,
					/Library/Frameworks/SDL2_image.framework/Versions/A/Headers,
					/Library/Frameworks/SDL2.framework/Versions/A/Headers,
				);
				INFOPLIST_FILE = "NYUCodebase/NYUCodebase-Info.plist";
				PRODUCT_NAME = "$(TARGET_NAME)";
				WRAPPER_EXTENSION = app;
			};
			name = Release;
		};
/* End XCBuildConfiguration section */

/* Begin XCConfigurationList section */
		6D5A86A519AE5C710066C1FD /* Build configuration list for PBXProject "NYUCodebase" */ = {
			isa = XCConfigurationList;
			buildConfigurations = (
				6D5A86D919AE5C710066C1FD /* Debug */,
				6D5A86DA19AE5C710066C1FD /* Release */,
			);
			defaultConfigurationIsVisible = 0;
			defaultConfigurationName = Release;
		};
		6D5A86DB19AE5C710066C1FD /* Build configuration list for PBXNativeTarget "NYUCodebase" */ = {
			isa = XCConfigurationList;
			buildConfigurations = (
				6D5A86DC19AE5C710066C1FD /* Debug */,
				6D5A86DD19AE5C710066C1FD /* Release */,
			);
			defaultConfigurationIsVisible = 0;
			defaultConfigurationName = Release;
		};
/* End XCConfigurationList section */
	};
	rootObject = 6D5A86A219AE5C710066C1FD /* Project object */;
}
