// !$*UTF8*$!
{
	archiveVersion = 1;
	classes = {
	};
	objectVersion = 46;
	objects = {

/* Begin PBXBuildFile section */
		2C52DDF01AC834250023AFA4 /* game_sprites.png in Resources */ = {isa = PBXBuildFile; fileRef = 2C52DDEF1AC834250023AFA4 /* game_sprites.png */; };
		2C52DDF41AC8344E0023AFA4 /* level_map.txt in Resources */ = {isa = PBXBuildFile; fileRef = 2C52DDF31AC8344E0023AFA4 /* level_map.txt */; };
		2C52DDF91AC838780023AFA4 /* volt.png in Resources */ = {isa = PBXBuildFile; fileRef = 2C52DDF81AC838780023AFA4 /* volt.png */; };
		2C60902C1AC04F51000061AF /* hw05 in Resources */ = {isa = PBXBuildFile; fileRef = 2C60902B1AC04F51000061AF /* hw05 */; };
		2C7556651ADAB4C70055DC2E /* other.txt in Resources */ = {isa = PBXBuildFile; fileRef = 2C7556641ADAB4C70055DC2E /* other.txt */; };
		2C7556671ADAB4D80055DC2E /* new_map.png in Resources */ = {isa = PBXBuildFile; fileRef = 2C7556661ADAB4D80055DC2E /* new_map.png */; };
		2C75FCA31AD475E200D73AD9 /* main.cpp in Sources */ = {isa = PBXBuildFile; fileRef = 2CAB30971AC5859E00215747 /* main.cpp */; };
		2C75FCA41AD475E500D73AD9 /* ClassDemoApp copy.cpp in Sources */ = {isa = PBXBuildFile; fileRef = 2CAB309E1AC5913200215747 /* ClassDemoApp copy.cpp */; };
		2C75FCA51AD475E800D73AD9 /* Entity copy.cpp in Sources */ = {isa = PBXBuildFile; fileRef = 2CAB30A11AC5913900215747 /* Entity copy.cpp */; };
		2C75FCA61AD475EA00D73AD9 /* SpriteSheet.cpp in Sources */ = {isa = PBXBuildFile; fileRef = 2CAB309B1AC5906800215747 /* SpriteSheet.cpp */; };
		2C75FCA81AD4891300D73AD9 /* beck.png in Resources */ = {isa = PBXBuildFile; fileRef = 2C75FCA71AD4891300D73AD9 /* beck.png */; };
		2CF291A61ACB28F1000ACA40 /* robot.png in Resources */ = {isa = PBXBuildFile; fileRef = 2CF291A51ACB28F1000ACA40 /* robot.png */; };
		2CF291A81ACB2B23000ACA40 /* tiger.png in Resources */ = {isa = PBXBuildFile; fileRef = 2CF291A71ACB2B23000ACA40 /* tiger.png */; };
		2CF8B4E81AD9FF02000A2733 /* sprites.png in Resources */ = {isa = PBXBuildFile; fileRef = 2CF8B4E71AD9FF02000A2733 /* sprites.png */; };
		2CF8B4EA1AD9FF5C000A2733 /* map.txt in Resources */ = {isa = PBXBuildFile; fileRef = 2CF8B4E91AD9FF5C000A2733 /* map.txt */; };
		6D5A86AE19AE5C710066C1FD /* Cocoa.framework in Frameworks */ = {isa = PBXBuildFile; fileRef = 6D5A86AD19AE5C710066C1FD /* Cocoa.framework */; };
		6D5A86B819AE5C710066C1FD /* InfoPlist.strings in Resources */ = {isa = PBXBuildFile; fileRef = 6D5A86B619AE5C710066C1FD /* InfoPlist.strings */; };
		6D5A86BE19AE5C710066C1FD /* Credits.rtf in Resources */ = {isa = PBXBuildFile; fileRef = 6D5A86BC19AE5C710066C1FD /* Credits.rtf */; };
		6D5A86C619AE5C710066C1FD /* Images.xcassets in Resources */ = {isa = PBXBuildFile; fileRef = 6D5A86C519AE5C710066C1FD /* Images.xcassets */; };
		6D5A86E319AE5CD10066C1FD /* SDL2.framework in Frameworks */ = {isa = PBXBuildFile; fileRef = 6D5A86E219AE5CD10066C1FD /* SDL2.framework */; };
		6D5AC2D019AE6280004CB1BF /* OpenGL.framework in Frameworks */ = {isa = PBXBuildFile; fileRef = 6D5AC2CF19AE6280004CB1BF /* OpenGL.framework */; };
		6D5AC2D219AE6A1E004CB1BF /* SDL2_image.framework in Frameworks */ = {isa = PBXBuildFile; fileRef = 6D5AC2D119AE6A1E004CB1BF /* SDL2_image.framework */; };
/* End PBXBuildFile section */

/* Begin PBXFileReference section */
		2C52DDEF1AC834250023AFA4 /* game_sprites.png */ = {isa = PBXFileReference; lastKnownFileType = image.png; name = game_sprites.png; path = hw05/graphics/game_sprites.png; sourceTree = "<group>"; };
		2C52DDF31AC8344E0023AFA4 /* level_map.txt */ = {isa = PBXFileReference; fileEncoding = 4; lastKnownFileType = text; name = level_map.txt; path = hw05/graphics/level_map.txt; sourceTree = "<group>"; };
		2C52DDF81AC838780023AFA4 /* volt.png */ = {isa = PBXFileReference; lastKnownFileType = image.png; name = volt.png; path = hw05/graphics/volt.png; sourceTree = "<group>"; };
		2C60902B1AC04F51000061AF /* hw05 */ = {isa = PBXFileReference; lastKnownFileType = folder; path = hw05; sourceTree = "<group>"; };
		2C7556641ADAB4C70055DC2E /* other.txt */ = {isa = PBXFileReference; fileEncoding = 4; lastKnownFileType = text; name = other.txt; path = hw05/graphics/other.txt; sourceTree = "<group>"; };
		2C7556661ADAB4D80055DC2E /* new_map.png */ = {isa = PBXFileReference; lastKnownFileType = image.png; name = new_map.png; path = hw05/graphics/new_map.png; sourceTree = "<group>"; };
		2C75FCA71AD4891300D73AD9 /* beck.png */ = {isa = PBXFileReference; lastKnownFileType = image.png; name = beck.png; path = hw04/beck_sprites/beck.png; sourceTree = "<group>"; };
		2CA484C91AA5FB64001557ED /* pong */ = {isa = PBXFileReference; lastKnownFileType = folder; path = pong; sourceTree = "<group>"; };
		2CA484CD1AA5FBEB001557ED /* space */ = {isa = PBXFileReference; lastKnownFileType = folder; path = space; sourceTree = "<group>"; };
		2CA484CF1AA5FBFE001557ED /* hw01 */ = {isa = PBXFileReference; lastKnownFileType = folder; path = hw01; sourceTree = "<group>"; };
		2CA484D51AA65541001557ED /* hw04 */ = {isa = PBXFileReference; lastKnownFileType = folder; path = hw04; sourceTree = "<group>"; };
		2CAB30911AC5858B00215747 /* ClassDemoApp.cpp */ = {isa = PBXFileReference; fileEncoding = 4; lastKnownFileType = sourcecode.cpp.cpp; name = ClassDemoApp.cpp; path = hw05/ClassDemoApp.cpp; sourceTree = "<group>"; };
		2CAB30921AC5858B00215747 /* ClassDemoApp.h */ = {isa = PBXFileReference; fileEncoding = 4; lastKnownFileType = sourcecode.c.h; name = ClassDemoApp.h; path = hw05/ClassDemoApp.h; sourceTree = "<group>"; };
		2CAB30931AC5858B00215747 /* Entity.cpp */ = {isa = PBXFileReference; fileEncoding = 4; lastKnownFileType = sourcecode.cpp.cpp; name = Entity.cpp; path = hw05/Entity.cpp; sourceTree = "<group>"; };
		2CAB30941AC5858B00215747 /* Entity.h */ = {isa = PBXFileReference; fileEncoding = 4; lastKnownFileType = sourcecode.c.h; name = Entity.h; path = hw05/Entity.h; sourceTree = "<group>"; };
		2CAB30971AC5859E00215747 /* main.cpp */ = {isa = PBXFileReference; fileEncoding = 4; lastKnownFileType = sourcecode.cpp.cpp; path = main.cpp; sourceTree = "<group>"; };
		2CAB30991AC58F1C00215747 /* animation.cpp */ = {isa = PBXFileReference; fileEncoding = 4; lastKnownFileType = sourcecode.cpp.cpp; name = animation.cpp; path = hw04/animation.cpp; sourceTree = "<group>"; };
		2CAB309B1AC5906800215747 /* SpriteSheet.cpp */ = {isa = PBXFileReference; fileEncoding = 4; lastKnownFileType = sourcecode.cpp.cpp; name = SpriteSheet.cpp; path = hw04/SpriteSheet.cpp; sourceTree = "<group>"; };
		2CAB309C1AC5906800215747 /* SpriteSheet.h */ = {isa = PBXFileReference; fileEncoding = 4; lastKnownFileType = sourcecode.c.h; name = SpriteSheet.h; path = hw04/SpriteSheet.h; sourceTree = "<group>"; };
		2CAB309E1AC5913200215747 /* ClassDemoApp copy.cpp */ = {isa = PBXFileReference; fileEncoding = 4; lastKnownFileType = sourcecode.cpp.cpp; name = "ClassDemoApp copy.cpp"; path = "hw05/ClassDemoApp copy.cpp"; sourceTree = "<group>"; };
		2CAB309F1AC5913200215747 /* ClassDemoApp copy.h */ = {isa = PBXFileReference; fileEncoding = 4; lastKnownFileType = sourcecode.c.h; name = "ClassDemoApp copy.h"; path = "hw05/ClassDemoApp copy.h"; sourceTree = "<group>"; };
		2CAB30A11AC5913900215747 /* Entity copy.cpp */ = {isa = PBXFileReference; fileEncoding = 4; lastKnownFileType = sourcecode.cpp.cpp; name = "Entity copy.cpp"; path = "hw05/Entity copy.cpp"; sourceTree = "<group>"; };
		2CAB30A21AC5913900215747 /* Entity copy.h */ = {isa = PBXFileReference; fileEncoding = 4; lastKnownFileType = sourcecode.c.h; name = "Entity copy.h"; path = "hw05/Entity copy.h"; sourceTree = "<group>"; };
		2CF291A51ACB28F1000ACA40 /* robot.png */ = {isa = PBXFileReference; lastKnownFileType = image.png; name = robot.png; path = hw05/graphics/robot.png; sourceTree = "<group>"; };
		2CF291A71ACB2B23000ACA40 /* tiger.png */ = {isa = PBXFileReference; lastKnownFileType = image.png; name = tiger.png; path = hw05/graphics/tiger.png; sourceTree = "<group>"; };
		2CF8B4E71AD9FF02000A2733 /* sprites.png */ = {isa = PBXFileReference; lastKnownFileType = image.png; name = sprites.png; path = hw05/graphics/sprites.png; sourceTree = "<group>"; };
		2CF8B4E91AD9FF5C000A2733 /* map.txt */ = {isa = PBXFileReference; fileEncoding = 4; lastKnownFileType = text; name = map.txt; path = hw05/graphics/map.txt; sourceTree = "<group>"; };
		6D5A86AA19AE5C710066C1FD /* NYUCodebase.app */ = {isa = PBXFileReference; explicitFileType = wrapper.application; includeInIndex = 0; path = NYUCodebase.app; sourceTree = BUILT_PRODUCTS_DIR; };
		6D5A86AD19AE5C710066C1FD /* Cocoa.framework */ = {isa = PBXFileReference; lastKnownFileType = wrapper.framework; name = Cocoa.framework; path = System/Library/Frameworks/Cocoa.framework; sourceTree = SDKROOT; };
		6D5A86B019AE5C710066C1FD /* AppKit.framework */ = {isa = PBXFileReference; lastKnownFileType = wrapper.framework; name = AppKit.framework; path = System/Library/Frameworks/AppKit.framework; sourceTree = SDKROOT; };
		6D5A86B119AE5C710066C1FD /* CoreData.framework */ = {isa = PBXFileReference; lastKnownFileType = wrapper.framework; name = CoreData.framework; path = System/Library/Frameworks/CoreData.framework; sourceTree = SDKROOT; };
		6D5A86B219AE5C710066C1FD /* Foundation.framework */ = {isa = PBXFileReference; lastKnownFileType = wrapper.framework; name = Foundation.framework; path = System/Library/Frameworks/Foundation.framework; sourceTree = SDKROOT; };
		6D5A86B519AE5C710066C1FD /* NYUCodebase-Info.plist */ = {isa = PBXFileReference; lastKnownFileType = text.plist.xml; path = "NYUCodebase-Info.plist"; sourceTree = "<group>"; };
		6D5A86B719AE5C710066C1FD /* en */ = {isa = PBXFileReference; lastKnownFileType = text.plist.strings; name = en; path = en.lproj/InfoPlist.strings; sourceTree = "<group>"; };
		6D5A86BD19AE5C710066C1FD /* en */ = {isa = PBXFileReference; lastKnownFileType = text.rtf; name = en; path = en.lproj/Credits.rtf; sourceTree = "<group>"; };
		6D5A86C519AE5C710066C1FD /* Images.xcassets */ = {isa = PBXFileReference; lastKnownFileType = folder.assetcatalog; path = Images.xcassets; sourceTree = "<group>"; };
		6D5A86CC19AE5C710066C1FD /* XCTest.framework */ = {isa = PBXFileReference; lastKnownFileType = wrapper.framework; name = XCTest.framework; path = Library/Frameworks/XCTest.framework; sourceTree = DEVELOPER_DIR; };
		6D5A86D319AE5C710066C1FD /* NYUCodebaseTests-Info.plist */ = {isa = PBXFileReference; lastKnownFileType = text.plist.xml; path = "NYUCodebaseTests-Info.plist"; sourceTree = "<group>"; };
		6D5A86D519AE5C710066C1FD /* en */ = {isa = PBXFileReference; lastKnownFileType = text.plist.strings; name = en; path = en.lproj/InfoPlist.strings; sourceTree = "<group>"; };
		6D5A86D719AE5C710066C1FD /* NYUCodebaseTests.m */ = {isa = PBXFileReference; lastKnownFileType = sourcecode.c.objc; path = NYUCodebaseTests.m; sourceTree = "<group>"; };
		6D5A86E219AE5CD10066C1FD /* SDL2.framework */ = {isa = PBXFileReference; lastKnownFileType = wrapper.framework; name = SDL2.framework; path = ../../../../../../../../Library/Frameworks/SDL2.framework; sourceTree = "<group>"; };
		6D5AC2CF19AE6280004CB1BF /* OpenGL.framework */ = {isa = PBXFileReference; lastKnownFileType = wrapper.framework; name = OpenGL.framework; path = System/Library/Frameworks/OpenGL.framework; sourceTree = SDKROOT; };
		6D5AC2D119AE6A1E004CB1BF /* SDL2_image.framework */ = {isa = PBXFileReference; lastKnownFileType = wrapper.framework; name = SDL2_image.framework; path = ../../../../../../../../Library/Frameworks/SDL2_image.framework; sourceTree = "<group>"; };
/* End PBXFileReference section */

/* Begin PBXFrameworksBuildPhase section */
		6D5A86A719AE5C710066C1FD /* Frameworks */ = {
			isa = PBXFrameworksBuildPhase;
			buildActionMask = 2147483647;
			files = (
				6D5AC2D019AE6280004CB1BF /* OpenGL.framework in Frameworks */,
				6D5A86AE19AE5C710066C1FD /* Cocoa.framework in Frameworks */,
				6D5A86E319AE5CD10066C1FD /* SDL2.framework in Frameworks */,
				6D5AC2D219AE6A1E004CB1BF /* SDL2_image.framework in Frameworks */,
			);
			runOnlyForDeploymentPostprocessing = 0;
		};
/* End PBXFrameworksBuildPhase section */

/* Begin PBXGroup section */
		6D5A86A119AE5C710066C1FD = {
			isa = PBXGroup;
			children = (
				6D5A86B319AE5C710066C1FD /* NYUCodebase */,
				6D5A86D119AE5C710066C1FD /* NYUCodebaseTests */,
				6D5A86AC19AE5C710066C1FD /* Frameworks */,
				6D5A86AB19AE5C710066C1FD /* Products */,
			);
			sourceTree = "<group>";
		};
		6D5A86AB19AE5C710066C1FD /* Products */ = {
			isa = PBXGroup;
			children = (
				6D5A86AA19AE5C710066C1FD /* NYUCodebase.app */,
			);
			name = Products;
			sourceTree = "<group>";
		};
		6D5A86AC19AE5C710066C1FD /* Frameworks */ = {
			isa = PBXGroup;
			children = (
				6D5AC2D119AE6A1E004CB1BF /* SDL2_image.framework */,
				6D5AC2CF19AE6280004CB1BF /* OpenGL.framework */,
				6D5A86E219AE5CD10066C1FD /* SDL2.framework */,
				6D5A86AD19AE5C710066C1FD /* Cocoa.framework */,
				6D5A86CC19AE5C710066C1FD /* XCTest.framework */,
				6D5A86AF19AE5C710066C1FD /* Other Frameworks */,
			);
			name = Frameworks;
			sourceTree = "<group>";
		};
		6D5A86AF19AE5C710066C1FD /* Other Frameworks */ = {
			isa = PBXGroup;
			children = (
				6D5A86B019AE5C710066C1FD /* AppKit.framework */,
				6D5A86B119AE5C710066C1FD /* CoreData.framework */,
				6D5A86B219AE5C710066C1FD /* Foundation.framework */,
			);
			name = "Other Frameworks";
			sourceTree = "<group>";
		};
		6D5A86B319AE5C710066C1FD /* NYUCodebase */ = {
			isa = PBXGroup;
			children = (
				6D5A86E119AE5CAA0066C1FD /* Code */,
				6D5A86B419AE5C710066C1FD /* Supporting Files */,
			);
			path = NYUCodebase;
			sourceTree = "<group>";
		};
		6D5A86B419AE5C710066C1FD /* Supporting Files */ = {
			isa = PBXGroup;
			children = (
				2C7556661ADAB4D80055DC2E /* new_map.png */,
				2C75FCA71AD4891300D73AD9 /* beck.png */,
				2C7556641ADAB4C70055DC2E /* other.txt */,
				2CF8B4E91AD9FF5C000A2733 /* map.txt */,
				2C52DDF31AC8344E0023AFA4 /* level_map.txt */,
				2CF8B4E71AD9FF02000A2733 /* sprites.png */,
				2C52DDEF1AC834250023AFA4 /* game_sprites.png */,
				2C52DDF81AC838780023AFA4 /* volt.png */,
				2CF291A51ACB28F1000ACA40 /* robot.png */,
				2CF291A71ACB2B23000ACA40 /* tiger.png */,
				6D5A86C519AE5C710066C1FD /* Images.xcassets */,
				6D5A86B519AE5C710066C1FD /* NYUCodebase-Info.plist */,
				6D5A86B619AE5C710066C1FD /* InfoPlist.strings */,
				6D5A86BC19AE5C710066C1FD /* Credits.rtf */,
			);
			name = "Supporting Files";
			sourceTree = "<group>";
		};
		6D5A86D119AE5C710066C1FD /* NYUCodebaseTests */ = {
			isa = PBXGroup;
			children = (
				6D5A86D719AE5C710066C1FD /* NYUCodebaseTests.m */,
				6D5A86D219AE5C710066C1FD /* Supporting Files */,
			);
			path = NYUCodebaseTests;
			sourceTree = "<group>";
		};
		6D5A86D219AE5C710066C1FD /* Supporting Files */ = {
			isa = PBXGroup;
			children = (
				6D5A86D319AE5C710066C1FD /* NYUCodebaseTests-Info.plist */,
				6D5A86D419AE5C710066C1FD /* InfoPlist.strings */,
			);
			name = "Supporting Files";
			sourceTree = "<group>";
		};
		6D5A86E119AE5CAA0066C1FD /* Code */ = {
			isa = PBXGroup;
			children = (
				2CAB30971AC5859E00215747 /* main.cpp */,
				2CAB30991AC58F1C00215747 /* animation.cpp */,
				2CAB30911AC5858B00215747 /* ClassDemoApp.cpp */,
				2CAB30921AC5858B00215747 /* ClassDemoApp.h */,
				2CAB30931AC5858B00215747 /* Entity.cpp */,
				2CAB30941AC5858B00215747 /* Entity.h */,
				2CAB309E1AC5913200215747 /* ClassDemoApp copy.cpp */,
				2CAB309F1AC5913200215747 /* ClassDemoApp copy.h */,
				2CAB30A11AC5913900215747 /* Entity copy.cpp */,
				2CAB30A21AC5913900215747 /* Entity copy.h */,
				2CAB309B1AC5906800215747 /* SpriteSheet.cpp */,
				2CAB309C1AC5906800215747 /* SpriteSheet.h */,
				2C60902B1AC04F51000061AF /* hw05 */,
				2CA484D51AA65541001557ED /* hw04 */,
				2CA484CF1AA5FBFE001557ED /* hw01 */,
				2CA484CD1AA5FBEB001557ED /* space */,
				2CA484C91AA5FB64001557ED /* pong */,
			);
			name = Code;
			sourceTree = "<group>";
		};
/* End PBXGroup section */

/* Begin PBXNativeTarget section */
		6D5A86A919AE5C710066C1FD /* NYUCodebase */ = {
			isa = PBXNativeTarget;
			buildConfigurationList = 6D5A86DB19AE5C710066C1FD /* Build configuration list for PBXNativeTarget "NYUCodebase" */;
			buildPhases = (
				6D5A86A619AE5C710066C1FD /* Sources */,
				6D5A86A719AE5C710066C1FD /* Frameworks */,
				6D5A86A819AE5C710066C1FD /* Resources */,
			);
			buildRules = (
			);
			dependencies = (
			);
			name = NYUCodebase;
			productName = NYUCodebase;
			productReference = 6D5A86AA19AE5C710066C1FD /* NYUCodebase.app */;
			productType = "com.apple.product-type.application";
		};
/* End PBXNativeTarget section */

/* Begin PBXProject section */
		6D5A86A219AE5C710066C1FD /* Project object */ = {
			isa = PBXProject;
			attributes = {
				CLASSPREFIX = NYUCB;
				LastUpgradeCheck = 0510;
				ORGANIZATIONNAME = "Ivan Safrin";
			};
			buildConfigurationList = 6D5A86A519AE5C710066C1FD /* Build configuration list for PBXProject "NYUCodebase" */;
			compatibilityVersion = "Xcode 3.2";
			developmentRegion = English;
			hasScannedForEncodings = 0;
			knownRegions = (
				en,
				Base,
			);
			mainGroup = 6D5A86A119AE5C710066C1FD;
			productRefGroup = 6D5A86AB19AE5C710066C1FD /* Products */;
			projectDirPath = "";
			projectRoot = "";
			targets = (
				6D5A86A919AE5C710066C1FD /* NYUCodebase */,
			);
		};
/* End PBXProject section */

/* Begin PBXResourcesBuildPhase section */
		6D5A86A819AE5C710066C1FD /* Resources */ = {
			isa = PBXResourcesBuildPhase;
			buildActionMask = 2147483647;
			files = (
				2C52DDF91AC838780023AFA4 /* volt.png in Resources */,
				6D5A86B819AE5C710066C1FD /* InfoPlist.strings in Resources */,
				2C52DDF01AC834250023AFA4 /* game_sprites.png in Resources */,
				2CF8B4EA1AD9FF5C000A2733 /* map.txt in Resources */,
				2C7556651ADAB4C70055DC2E /* other.txt in Resources */,
				2CF291A61ACB28F1000ACA40 /* robot.png in Resources */,
				6D5A86C619AE5C710066C1FD /* Images.xcassets in Resources */,
				2C52DDF41AC8344E0023AFA4 /* level_map.txt in Resources */,
				2C75FCA81AD4891300D73AD9 /* beck.png in Resources */,
				2C7556671ADAB4D80055DC2E /* new_map.png in Resources */,
				2CF8B4E81AD9FF02000A2733 /* sprites.png in Resources */,
				6D5A86BE19AE5C710066C1FD /* Credits.rtf in Resources */,
				2C60902C1AC04F51000061AF /* hw05 in Resources */,
				2CF291A81ACB2B23000ACA40 /* tiger.png in Resources */,
			);
			runOnlyForDeploymentPostprocessing = 0;
		};
/* End PBXResourcesBuildPhase section */

/* Begin PBXSourcesBuildPhase section */
		6D5A86A619AE5C710066C1FD /* Sources */ = {
			isa = PBXSourcesBuildPhase;
			buildActionMask = 2147483647;
			files = (
				2C75FCA61AD475EA00D73AD9 /* SpriteSheet.cpp in Sources */,
				2C75FCA31AD475E200D73AD9 /* main.cpp in Sources */,
				2C75FCA51AD475E800D73AD9 /* Entity copy.cpp in Sources */,
				2C75FCA41AD475E500D73AD9 /* ClassDemoApp copy.cpp in Sources */,
			);
			runOnlyForDeploymentPostprocessing = 0;
		};
/* End PBXSourcesBuildPhase section */

/* Begin PBXVariantGroup section */
		6D5A86B619AE5C710066C1FD /* InfoPlist.strings */ = {
			isa = PBXVariantGroup;
			children = (
				6D5A86B719AE5C710066C1FD /* en */,
			);
			name = InfoPlist.strings;
			sourceTree = "<group>";
		};
		6D5A86BC19AE5C710066C1FD /* Credits.rtf */ = {
			isa = PBXVariantGroup;
			children = (
				6D5A86BD19AE5C710066C1FD /* en */,
			);
			name = Credits.rtf;
			sourceTree = "<group>";
		};
		6D5A86D419AE5C710066C1FD /* InfoPlist.strings */ = {
			isa = PBXVariantGroup;
			children = (
				6D5A86D519AE5C710066C1FD /* en */,
			);
			name = InfoPlist.strings;
			sourceTree = "<group>";
		};
/* End PBXVariantGroup section */

/* Begin XCBuildConfiguration section */
		6D5A86D919AE5C710066C1FD /* Debug */ = {
			isa = XCBuildConfiguration;
			buildSettings = {
				ALWAYS_SEARCH_USER_PATHS = NO;
				CLANG_CXX_LANGUAGE_STANDARD = "gnu++0x";
				CLANG_CXX_LIBRARY = "libc++";
				CLANG_ENABLE_MODULES = YES;
				CLANG_ENABLE_OBJC_ARC = YES;
				CLANG_WARN_BOOL_CONVERSION = YES;
				CLANG_WARN_CONSTANT_CONVERSION = YES;
				CLANG_WARN_DIRECT_OBJC_ISA_USAGE = YES_ERROR;
				CLANG_WARN_EMPTY_BODY = YES;
				CLANG_WARN_ENUM_CONVERSION = YES;
				CLANG_WARN_INT_CONVERSION = YES;
				CLANG_WARN_OBJC_ROOT_CLASS = YES_ERROR;
				CLANG_WARN__DUPLICATE_METHOD_MATCH = YES;
				COPY_PHASE_STRIP = NO;
				GCC_C_LANGUAGE_STANDARD = gnu99;
				GCC_DYNAMIC_NO_PIC = NO;
				GCC_ENABLE_OBJC_EXCEPTIONS = YES;
				GCC_OPTIMIZATION_LEVEL = 0;
				GCC_PREPROCESSOR_DEFINITIONS = (
					"DEBUG=1",
					"$(inherited)",
				);
				GCC_SYMBOLS_PRIVATE_EXTERN = NO;
				GCC_WARN_64_TO_32_BIT_CONVERSION = YES;
				GCC_WARN_ABOUT_RETURN_TYPE = YES_ERROR;
				GCC_WARN_UNDECLARED_SELECTOR = YES;
				GCC_WARN_UNINITIALIZED_AUTOS = YES_AGGRESSIVE;
				GCC_WARN_UNUSED_FUNCTION = YES;
				GCC_WARN_UNUSED_VARIABLE = YES;
				MACOSX_DEPLOYMENT_TARGET = 10.9;
				ONLY_ACTIVE_ARCH = YES;
				SDKROOT = macosx;
			};
			name = Debug;
		};
		6D5A86DA19AE5C710066C1FD /* Release */ = {
			isa = XCBuildConfiguration;
			buildSettings = {
				ALWAYS_SEARCH_USER_PATHS = NO;
				CLANG_CXX_LANGUAGE_STANDARD = "gnu++0x";
				CLANG_CXX_LIBRARY = "libc++";
				CLANG_ENABLE_MODULES = YES;
				CLANG_ENABLE_OBJC_ARC = YES;
				CLANG_WARN_BOOL_CONVERSION = YES;
				CLANG_WARN_CONSTANT_CONVERSION = YES;
				CLANG_WARN_DIRECT_OBJC_ISA_USAGE = YES_ERROR;
				CLANG_WARN_EMPTY_BODY = YES;
				CLANG_WARN_ENUM_CONVERSION = YES;
				CLANG_WARN_INT_CONVERSION = YES;
				CLANG_WARN_OBJC_ROOT_CLASS = YES_ERROR;
				CLANG_WARN__DUPLICATE_METHOD_MATCH = YES;
				COPY_PHASE_STRIP = YES;
				DEBUG_INFORMATION_FORMAT = "dwarf-with-dsym";
				ENABLE_NS_ASSERTIONS = NO;
				GCC_C_LANGUAGE_STANDARD = gnu99;
				GCC_ENABLE_OBJC_EXCEPTIONS = YES;
				GCC_WARN_64_TO_32_BIT_CONVERSION = YES;
				GCC_WARN_ABOUT_RETURN_TYPE = YES_ERROR;
				GCC_WARN_UNDECLARED_SELECTOR = YES;
				GCC_WARN_UNINITIALIZED_AUTOS = YES_AGGRESSIVE;
				GCC_WARN_UNUSED_FUNCTION = YES;
				GCC_WARN_UNUSED_VARIABLE = YES;
				MACOSX_DEPLOYMENT_TARGET = 10.9;
				SDKROOT = macosx;
			};
			name = Release;
		};
		6D5A86DC19AE5C710066C1FD /* Debug */ = {
			isa = XCBuildConfiguration;
			buildSettings = {
				ASSETCATALOG_COMPILER_APPICON_NAME = AppIcon;
				COMBINE_HIDPI_IMAGES = YES;
				FRAMEWORK_SEARCH_PATHS = (
					"$(inherited)",
					"$(LOCAL_LIBRARY_DIR)/Frameworks",
				);
				GCC_PRECOMPILE_PREFIX_HEADER = YES;
				GCC_PREFIX_HEADER = "";
				HEADER_SEARCH_PATHS = (
					"$(inherited)",
					/Applications/Xcode.app/Contents/Developer/Toolchains/XcodeDefault.xctoolchain/usr/include,
					/Library/Frameworks/SDL2_image.framework/Versions/A/Headers,
					/Library/Frameworks/SDL2.framework/Versions/A/Headers,
				);
				INFOPLIST_FILE = "NYUCodebase/NYUCodebase-Info.plist";
				PRODUCT_NAME = "$(TARGET_NAME)";
				WRAPPER_EXTENSION = app;
			};
			name = Debug;
		};
		6D5A86DD19AE5C710066C1FD /* Release */ = {
			isa = XCBuildConfiguration;
			buildSettings = {
				ASSETCATALOG_COMPILER_APPICON_NAME = AppIcon;
				COMBINE_HIDPI_IMAGES = YES;
				FRAMEWORK_SEARCH_PATHS = (
					"$(inherited)",
					"$(LOCAL_LIBRARY_DIR)/Frameworks",
				);
				GCC_PRECOMPILE_PREFIX_HEADER = YES;
				GCC_PREFIX_HEADER = "";
				HEADER_SEARCH_PATHS = (
					"$(inherited)",
					/Applications/Xcode.app/Contents/Developer/Toolchains/XcodeDefault.xctoolchain/usr/include,
					/Library/Frameworks/SDL2_image.framework/Versions/A/Headers,
					/Library/Frameworks/SDL2.framework/Versions/A/Headers,
				);
				INFOPLIST_FILE = "NYUCodebase/NYUCodebase-Info.plist";
				PRODUCT_NAME = "$(TARGET_NAME)";
				WRAPPER_EXTENSION = app;
			};
			name = Release;
		};
/* End XCBuildConfiguration section */

/* Begin XCConfigurationList section */
		6D5A86A519AE5C710066C1FD /* Build configuration list for PBXProject "NYUCodebase" */ = {
			isa = XCConfigurationList;
			buildConfigurations = (
				6D5A86D919AE5C710066C1FD /* Debug */,
				6D5A86DA19AE5C710066C1FD /* Release */,
			);
			defaultConfigurationIsVisible = 0;
			defaultConfigurationName = Release;
		};
		6D5A86DB19AE5C710066C1FD /* Build configuration list for PBXNativeTarget "NYUCodebase" */ = {
			isa = XCConfigurationList;
			buildConfigurations = (
				6D5A86DC19AE5C710066C1FD /* Debug */,
				6D5A86DD19AE5C710066C1FD /* Release */,
			);
			defaultConfigurationIsVisible = 0;
			defaultConfigurationName = Release;
		};
/* End XCConfigurationList section */
	};
	rootObject = 6D5A86A219AE5C710066C1FD /* Project object */;
}
